Microsoft Visual Studio Solution File, Format Version 12.00
# Visual Studio Version 17
VisualStudioVersion = 17.5.2.0
MinimumVisualStudioVersion = 10.0.40219.1
Project("{FAE04EC0-301F-11D3-BF4B-00C04F79EFBC}") = "xSophBot", "xSophBot.csproj", "{747A148C-DD46-8CAE-1315-368A764D25CD}"
EndProject
Global
	GlobalSection(SolutionConfigurationPlatforms) = preSolution
		Debug|Any CPU = Debug|Any CPU
		Release|Any CPU = Release|Any CPU
	EndGlobalSection
	GlobalSection(ProjectConfigurationPlatforms) = postSolution
		{747A148C-DD46-8CAE-1315-368A764D25CD}.Debug|Any CPU.ActiveCfg = Debug|Any CPU
		{747A148C-DD46-8CAE-1315-368A764D25CD}.Debug|Any CPU.Build.0 = Debug|Any CPU
		{747A148C-DD46-8CAE-1315-368A764D25CD}.Release|Any CPU.ActiveCfg = Release|Any CPU
		{747A148C-DD46-8CAE-1315-368A764D25CD}.Release|Any CPU.Build.0 = Release|Any CPU
	EndGlobalSection
	GlobalSection(SolutionProperties) = preSolution
		HideSolutionNode = FALSE
	EndGlobalSection
	GlobalSection(ExtensibilityGlobals) = postSolution
		SolutionGuid = {ACF7ED48-5BDD-46D3-874D-90F890168170}
	EndGlobalSection
EndGlobal
